
Microsoft Visual Studio Solution File, Format Version 12.00
# Visual Studio 15
VisualStudioVersion = 15.0.27703.1
MinimumVisualStudioVersion = 10.0.40219.1
Project("{FAE04EC0-301F-11D3-BF4B-00C04F79EFBC}") = "KZTool", "KZTool\KZTool.csproj", "{0F803D80-2CC2-4778-B81E-3E565589A368}"
EndProject
Global
	GlobalSection(SolutionConfigurationPlatforms) = preSolution
		Debug|Any CPU = Debug|Any CPU
		Release|Any CPU = Release|Any CPU
	EndGlobalSection
	GlobalSection(ProjectConfigurationPlatforms) = postSolution
		{0F803D80-2CC2-4778-B81E-3E565589A368}.Debug|Any CPU.ActiveCfg = Debug|Any CPU
		{0F803D80-2CC2-4778-B81E-3E565589A368}.Debug|Any CPU.Build.0 = Debug|Any CPU
		{0F803D80-2CC2-4778-B81E-3E565589A368}.Release|Any CPU.ActiveCfg = Release|Any CPU
		{0F803D80-2CC2-4778-B81E-3E565589A368}.Release|Any CPU.Build.0 = Release|Any CPU
	EndGlobalSection
	GlobalSection(SolutionProperties) = preSolution
		HideSolutionNode = FALSE
	EndGlobalSection
	GlobalSection(ExtensibilityGlobals) = postSolution
		SolutionGuid = {E43D2D53-73B3-42DB-86B3-7DCB74E1C02C}
	EndGlobalSection
EndGlobal
